// !$*UTF8*$!
{
	archiveVersion = 1;
	classes = {
	};
	objectVersion = 46;
	objects = {

/* Begin PBXBuildFile section */
		31B22259E37E7822F99FB3EE /* Pods_GitHubClient.framework in Frameworks */ = {isa = PBXBuildFile; fileRef = 5324FCC9FB9398E7F258D85C /* Pods_GitHubClient.framework */; };
		40255ACD1CD5011400BC0F7C /* main.m in Sources */ = {isa = PBXBuildFile; fileRef = 40255ACC1CD5011400BC0F7C /* main.m */; };
		40255AD01CD5011400BC0F7C /* AppDelegate.m in Sources */ = {isa = PBXBuildFile; fileRef = 40255ACF1CD5011400BC0F7C /* AppDelegate.m */; };
		40255AD31CD5011400BC0F7C /* ViewController.m in Sources */ = {isa = PBXBuildFile; fileRef = 40255AD21CD5011400BC0F7C /* ViewController.m */; };
		40255AD61CD5011400BC0F7C /* Main.storyboard in Resources */ = {isa = PBXBuildFile; fileRef = 40255AD41CD5011400BC0F7C /* Main.storyboard */; };
		40255AD81CD5011400BC0F7C /* Assets.xcassets in Resources */ = {isa = PBXBuildFile; fileRef = 40255AD71CD5011400BC0F7C /* Assets.xcassets */; };
		40255ADB1CD5011400BC0F7C /* LaunchScreen.storyboard in Resources */ = {isa = PBXBuildFile; fileRef = 40255AD91CD5011400BC0F7C /* LaunchScreen.storyboard */; };
		40255AE61CD5011400BC0F7C /* GitHubClientTests.m in Sources */ = {isa = PBXBuildFile; fileRef = 40255AE51CD5011400BC0F7C /* GitHubClientTests.m */; };
		40255AF11CD5011400BC0F7C /* GitHubClientUITests.m in Sources */ = {isa = PBXBuildFile; fileRef = 40255AF01CD5011400BC0F7C /* GitHubClientUITests.m */; };
		7C0D51761CD8AC130097141F /* UserViewController.m in Sources */ = {isa = PBXBuildFile; fileRef = 7C0D51741CD8AC130097141F /* UserViewController.m */; };
		7C0D51771CD8AC130097141F /* UserViewController.xib in Resources */ = {isa = PBXBuildFile; fileRef = 7C0D51751CD8AC130097141F /* UserViewController.xib */; };
		7C4EC4871CDB445900F4EB14 /* NSUserDefaults+Token.m in Sources */ = {isa = PBXBuildFile; fileRef = 7C4EC4861CDB445900F4EB14 /* NSUserDefaults+Token.m */; };
		7C4EC48A1CDB446A00F4EB14 /* NSUserDefaults+Etag.m in Sources */ = {isa = PBXBuildFile; fileRef = 7C4EC4891CDB446A00F4EB14 /* NSUserDefaults+Etag.m */; };
		7C9883F91CDCCAB800E050B6 /* KeyedArchiverManager.m in Sources */ = {isa = PBXBuildFile; fileRef = 7C9883F81CDCCAB800E050B6 /* KeyedArchiverManager.m */; };
		7C9B5F511CD8EE8E00916B7B /* QCNetworkManager.m in Sources */ = {isa = PBXBuildFile; fileRef = 7C9B5F501CD8EE8E00916B7B /* QCNetworkManager.m */; };
		7C9B5F541CD8FA2600916B7B /* QCRequest.m in Sources */ = {isa = PBXBuildFile; fileRef = 7C9B5F531CD8FA2600916B7B /* QCRequest.m */; };
		7C9B5F571CD9129800916B7B /* GitHubOAuthHelper.m in Sources */ = {isa = PBXBuildFile; fileRef = 7C9B5F561CD9129800916B7B /* GitHubOAuthHelper.m */; };
		7C9EB13C1CDC843000638C8B /* NSString+MD5.m in Sources */ = {isa = PBXBuildFile; fileRef = 7C9EB13B1CDC843000638C8B /* NSString+MD5.m */; };
		7CA294861CE0678900E47A47 /* EtagManager.m in Sources */ = {isa = PBXBuildFile; fileRef = 7CA294851CE0678900E47A47 /* EtagManager.m */; };
		7CA2948A1CE0837D00E47A47 /* RepositoriesViewController.m in Sources */ = {isa = PBXBuildFile; fileRef = 7CA294881CE0837D00E47A47 /* RepositoriesViewController.m */; };
		7CA2948B1CE0837D00E47A47 /* RepositoriesViewController.xib in Resources */ = {isa = PBXBuildFile; fileRef = 7CA294891CE0837D00E47A47 /* RepositoriesViewController.xib */; };
		7CA294911CE08A8F00E47A47 /* RepoTableViewCell.m in Sources */ = {isa = PBXBuildFile; fileRef = 7CA2948F1CE08A8F00E47A47 /* RepoTableViewCell.m */; };
		7CA294921CE08A8F00E47A47 /* RepoTableViewCell.xib in Resources */ = {isa = PBXBuildFile; fileRef = 7CA294901CE08A8F00E47A47 /* RepoTableViewCell.xib */; };
		7CA294971CE185FC00E47A47 /* GitHubApiManager.m in Sources */ = {isa = PBXBuildFile; fileRef = 7CA294961CE185FC00E47A47 /* GitHubApiManager.m */; };
		7CA2949C1CE1C4C200E47A47 /* Owner.m in Sources */ = {isa = PBXBuildFile; fileRef = 7CA294991CE1C4C200E47A47 /* Owner.m */; };
		7CA2949D1CE1C4C200E47A47 /* RepoModel.m in Sources */ = {isa = PBXBuildFile; fileRef = 7CA2949B1CE1C4C200E47A47 /* RepoModel.m */; };
		7CA294A01CE1FEB400E47A47 /* UINavigationController+StatusBar.m in Sources */ = {isa = PBXBuildFile; fileRef = 7CA2949F1CE1FEB400E47A47 /* UINavigationController+StatusBar.m */; };
		7CC187891CE45A9A00CF4385 /* RepoDetailViewController.m in Sources */ = {isa = PBXBuildFile; fileRef = 7CC187871CE45A9A00CF4385 /* RepoDetailViewController.m */; };
		7CC1878A1CE45A9A00CF4385 /* RepoDetailViewController.xib in Resources */ = {isa = PBXBuildFile; fileRef = 7CC187881CE45A9A00CF4385 /* RepoDetailViewController.xib */; };
/* End PBXBuildFile section */

/* Begin PBXContainerItemProxy section */
		40255AE21CD5011400BC0F7C /* PBXContainerItemProxy */ = {
			isa = PBXContainerItemProxy;
			containerPortal = 40255AC01CD5011400BC0F7C /* Project object */;
			proxyType = 1;
			remoteGlobalIDString = 40255AC71CD5011400BC0F7C;
			remoteInfo = GitHubClient;
		};
		40255AED1CD5011400BC0F7C /* PBXContainerItemProxy */ = {
			isa = PBXContainerItemProxy;
			containerPortal = 40255AC01CD5011400BC0F7C /* Project object */;
			proxyType = 1;
			remoteGlobalIDString = 40255AC71CD5011400BC0F7C;
			remoteInfo = GitHubClient;
		};
/* End PBXContainerItemProxy section */

/* Begin PBXFileReference section */
		40255AC81CD5011400BC0F7C /* GitHubClient.app */ = {isa = PBXFileReference; explicitFileType = wrapper.application; includeInIndex = 0; path = GitHubClient.app; sourceTree = BUILT_PRODUCTS_DIR; };
		40255ACC1CD5011400BC0F7C /* main.m */ = {isa = PBXFileReference; lastKnownFileType = sourcecode.c.objc; path = main.m; sourceTree = "<group>"; };
		40255ACE1CD5011400BC0F7C /* AppDelegate.h */ = {isa = PBXFileReference; lastKnownFileType = sourcecode.c.h; path = AppDelegate.h; sourceTree = "<group>"; };
		40255ACF1CD5011400BC0F7C /* AppDelegate.m */ = {isa = PBXFileReference; lastKnownFileType = sourcecode.c.objc; path = AppDelegate.m; sourceTree = "<group>"; };
		40255AD11CD5011400BC0F7C /* ViewController.h */ = {isa = PBXFileReference; lastKnownFileType = sourcecode.c.h; path = ViewController.h; sourceTree = "<group>"; };
		40255AD21CD5011400BC0F7C /* ViewController.m */ = {isa = PBXFileReference; lastKnownFileType = sourcecode.c.objc; path = ViewController.m; sourceTree = "<group>"; };
		40255AD51CD5011400BC0F7C /* Base */ = {isa = PBXFileReference; lastKnownFileType = file.storyboard; name = Base; path = Base.lproj/Main.storyboard; sourceTree = "<group>"; };
		40255AD71CD5011400BC0F7C /* Assets.xcassets */ = {isa = PBXFileReference; lastKnownFileType = folder.assetcatalog; path = Assets.xcassets; sourceTree = "<group>"; };
		40255ADA1CD5011400BC0F7C /* Base */ = {isa = PBXFileReference; lastKnownFileType = file.storyboard; name = Base; path = Base.lproj/LaunchScreen.storyboard; sourceTree = "<group>"; };
		40255ADC1CD5011400BC0F7C /* Info.plist */ = {isa = PBXFileReference; lastKnownFileType = text.plist.xml; path = Info.plist; sourceTree = "<group>"; };
		40255AE11CD5011400BC0F7C /* GitHubClientTests.xctest */ = {isa = PBXFileReference; explicitFileType = wrapper.cfbundle; includeInIndex = 0; path = GitHubClientTests.xctest; sourceTree = BUILT_PRODUCTS_DIR; };
		40255AE51CD5011400BC0F7C /* GitHubClientTests.m */ = {isa = PBXFileReference; lastKnownFileType = sourcecode.c.objc; path = GitHubClientTests.m; sourceTree = "<group>"; };
		40255AE71CD5011400BC0F7C /* Info.plist */ = {isa = PBXFileReference; lastKnownFileType = text.plist.xml; path = Info.plist; sourceTree = "<group>"; };
		40255AEC1CD5011400BC0F7C /* GitHubClientUITests.xctest */ = {isa = PBXFileReference; explicitFileType = wrapper.cfbundle; includeInIndex = 0; path = GitHubClientUITests.xctest; sourceTree = BUILT_PRODUCTS_DIR; };
		40255AF01CD5011400BC0F7C /* GitHubClientUITests.m */ = {isa = PBXFileReference; lastKnownFileType = sourcecode.c.objc; path = GitHubClientUITests.m; sourceTree = "<group>"; };
		40255AF21CD5011400BC0F7C /* Info.plist */ = {isa = PBXFileReference; lastKnownFileType = text.plist.xml; path = Info.plist; sourceTree = "<group>"; };
		5324FCC9FB9398E7F258D85C /* Pods_GitHubClient.framework */ = {isa = PBXFileReference; explicitFileType = wrapper.framework; includeInIndex = 0; path = Pods_GitHubClient.framework; sourceTree = BUILT_PRODUCTS_DIR; };
		7C0D51731CD8AC130097141F /* UserViewController.h */ = {isa = PBXFileReference; fileEncoding = 4; lastKnownFileType = sourcecode.c.h; path = UserViewController.h; sourceTree = "<group>"; };
		7C0D51741CD8AC130097141F /* UserViewController.m */ = {isa = PBXFileReference; fileEncoding = 4; lastKnownFileType = sourcecode.c.objc; path = UserViewController.m; sourceTree = "<group>"; };
		7C0D51751CD8AC130097141F /* UserViewController.xib */ = {isa = PBXFileReference; fileEncoding = 4; lastKnownFileType = file.xib; path = UserViewController.xib; sourceTree = "<group>"; };
		7C4EC4851CDB445900F4EB14 /* NSUserDefaults+Token.h */ = {isa = PBXFileReference; fileEncoding = 4; lastKnownFileType = sourcecode.c.h; path = "NSUserDefaults+Token.h"; sourceTree = "<group>"; };
		7C4EC4861CDB445900F4EB14 /* NSUserDefaults+Token.m */ = {isa = PBXFileReference; fileEncoding = 4; lastKnownFileType = sourcecode.c.objc; path = "NSUserDefaults+Token.m"; sourceTree = "<group>"; };
		7C4EC4881CDB446A00F4EB14 /* NSUserDefaults+Etag.h */ = {isa = PBXFileReference; fileEncoding = 4; lastKnownFileType = sourcecode.c.h; path = "NSUserDefaults+Etag.h"; sourceTree = "<group>"; };
		7C4EC4891CDB446A00F4EB14 /* NSUserDefaults+Etag.m */ = {isa = PBXFileReference; fileEncoding = 4; lastKnownFileType = sourcecode.c.objc; path = "NSUserDefaults+Etag.m"; sourceTree = "<group>"; };
		7C9883F71CDCCAB800E050B6 /* KeyedArchiverManager.h */ = {isa = PBXFileReference; fileEncoding = 4; lastKnownFileType = sourcecode.c.h; path = KeyedArchiverManager.h; sourceTree = "<group>"; };
		7C9883F81CDCCAB800E050B6 /* KeyedArchiverManager.m */ = {isa = PBXFileReference; fileEncoding = 4; lastKnownFileType = sourcecode.c.objc; path = KeyedArchiverManager.m; sourceTree = "<group>"; };
		7C9B5F4F1CD8EE8E00916B7B /* QCNetworkManager.h */ = {isa = PBXFileReference; fileEncoding = 4; lastKnownFileType = sourcecode.c.h; path = QCNetworkManager.h; sourceTree = "<group>"; };
		7C9B5F501CD8EE8E00916B7B /* QCNetworkManager.m */ = {isa = PBXFileReference; fileEncoding = 4; lastKnownFileType = sourcecode.c.objc; path = QCNetworkManager.m; sourceTree = "<group>"; };
		7C9B5F521CD8FA2600916B7B /* QCRequest.h */ = {isa = PBXFileReference; fileEncoding = 4; lastKnownFileType = sourcecode.c.h; path = QCRequest.h; sourceTree = "<group>"; };
		7C9B5F531CD8FA2600916B7B /* QCRequest.m */ = {isa = PBXFileReference; fileEncoding = 4; lastKnownFileType = sourcecode.c.objc; path = QCRequest.m; sourceTree = "<group>"; };
		7C9B5F551CD9129800916B7B /* GitHubOAuthHelper.h */ = {isa = PBXFileReference; fileEncoding = 4; lastKnownFileType = sourcecode.c.h; path = GitHubOAuthHelper.h; sourceTree = "<group>"; };
		7C9B5F561CD9129800916B7B /* GitHubOAuthHelper.m */ = {isa = PBXFileReference; fileEncoding = 4; lastKnownFileType = sourcecode.c.objc; path = GitHubOAuthHelper.m; sourceTree = "<group>"; };
		7C9B5F581CD994DF00916B7B /* QCNetworking.h */ = {isa = PBXFileReference; fileEncoding = 4; lastKnownFileType = sourcecode.c.h; path = QCNetworking.h; sourceTree = "<group>"; };
		7C9EB13A1CDC843000638C8B /* NSString+MD5.h */ = {isa = PBXFileReference; fileEncoding = 4; lastKnownFileType = sourcecode.c.h; path = "NSString+MD5.h"; sourceTree = "<group>"; };
		7C9EB13B1CDC843000638C8B /* NSString+MD5.m */ = {isa = PBXFileReference; fileEncoding = 4; lastKnownFileType = sourcecode.c.objc; path = "NSString+MD5.m"; sourceTree = "<group>"; };
		7CA294841CE0678900E47A47 /* EtagManager.h */ = {isa = PBXFileReference; fileEncoding = 4; lastKnownFileType = sourcecode.c.h; path = EtagManager.h; sourceTree = "<group>"; };
		7CA294851CE0678900E47A47 /* EtagManager.m */ = {isa = PBXFileReference; fileEncoding = 4; lastKnownFileType = sourcecode.c.objc; path = EtagManager.m; sourceTree = "<group>"; };
		7CA294871CE0837D00E47A47 /* RepositoriesViewController.h */ = {isa = PBXFileReference; fileEncoding = 4; lastKnownFileType = sourcecode.c.h; path = RepositoriesViewController.h; sourceTree = "<group>"; };
		7CA294881CE0837D00E47A47 /* RepositoriesViewController.m */ = {isa = PBXFileReference; fileEncoding = 4; lastKnownFileType = sourcecode.c.objc; path = RepositoriesViewController.m; sourceTree = "<group>"; };
		7CA294891CE0837D00E47A47 /* RepositoriesViewController.xib */ = {isa = PBXFileReference; fileEncoding = 4; lastKnownFileType = file.xib; path = RepositoriesViewController.xib; sourceTree = "<group>"; };
		7CA2948E1CE08A8F00E47A47 /* RepoTableViewCell.h */ = {isa = PBXFileReference; fileEncoding = 4; lastKnownFileType = sourcecode.c.h; path = RepoTableViewCell.h; sourceTree = "<group>"; };
		7CA2948F1CE08A8F00E47A47 /* RepoTableViewCell.m */ = {isa = PBXFileReference; fileEncoding = 4; lastKnownFileType = sourcecode.c.objc; path = RepoTableViewCell.m; sourceTree = "<group>"; };
		7CA294901CE08A8F00E47A47 /* RepoTableViewCell.xib */ = {isa = PBXFileReference; fileEncoding = 4; lastKnownFileType = file.xib; path = RepoTableViewCell.xib; sourceTree = "<group>"; };
		7CA294951CE185FC00E47A47 /* GitHubApiManager.h */ = {isa = PBXFileReference; fileEncoding = 4; lastKnownFileType = sourcecode.c.h; path = GitHubApiManager.h; sourceTree = "<group>"; };
		7CA294961CE185FC00E47A47 /* GitHubApiManager.m */ = {isa = PBXFileReference; fileEncoding = 4; lastKnownFileType = sourcecode.c.objc; path = GitHubApiManager.m; sourceTree = "<group>"; };
		7CA294981CE1C4C200E47A47 /* Owner.h */ = {isa = PBXFileReference; fileEncoding = 4; lastKnownFileType = sourcecode.c.h; path = Owner.h; sourceTree = "<group>"; };
		7CA294991CE1C4C200E47A47 /* Owner.m */ = {isa = PBXFileReference; fileEncoding = 4; lastKnownFileType = sourcecode.c.objc; path = Owner.m; sourceTree = "<group>"; };
		7CA2949A1CE1C4C200E47A47 /* RepoModel.h */ = {isa = PBXFileReference; fileEncoding = 4; lastKnownFileType = sourcecode.c.h; path = RepoModel.h; sourceTree = "<group>"; };
		7CA2949B1CE1C4C200E47A47 /* RepoModel.m */ = {isa = PBXFileReference; fileEncoding = 4; lastKnownFileType = sourcecode.c.objc; path = RepoModel.m; sourceTree = "<group>"; };
		7CA2949E1CE1FEB400E47A47 /* UINavigationController+StatusBar.h */ = {isa = PBXFileReference; fileEncoding = 4; lastKnownFileType = sourcecode.c.h; path = "UINavigationController+StatusBar.h"; sourceTree = "<group>"; };
		7CA2949F1CE1FEB400E47A47 /* UINavigationController+StatusBar.m */ = {isa = PBXFileReference; fileEncoding = 4; lastKnownFileType = sourcecode.c.objc; path = "UINavigationController+StatusBar.m"; sourceTree = "<group>"; };
		7CC187861CE45A9A00CF4385 /* RepoDetailViewController.h */ = {isa = PBXFileReference; fileEncoding = 4; lastKnownFileType = sourcecode.c.h; path = RepoDetailViewController.h; sourceTree = "<group>"; };
		7CC187871CE45A9A00CF4385 /* RepoDetailViewController.m */ = {isa = PBXFileReference; fileEncoding = 4; lastKnownFileType = sourcecode.c.objc; path = RepoDetailViewController.m; sourceTree = "<group>"; };
		7CC187881CE45A9A00CF4385 /* RepoDetailViewController.xib */ = {isa = PBXFileReference; fileEncoding = 4; lastKnownFileType = file.xib; path = RepoDetailViewController.xib; sourceTree = "<group>"; };
		B3F90B7742DF2C2777E1377A /* Pods-GitHubClient.release.xcconfig */ = {isa = PBXFileReference; includeInIndex = 1; lastKnownFileType = text.xcconfig; name = "Pods-GitHubClient.release.xcconfig"; path = "Pods/Target Support Files/Pods-GitHubClient/Pods-GitHubClient.release.xcconfig"; sourceTree = "<group>"; };
		BFFB14B87C452ECFBF7EC8E8 /* Pods-GitHubClient.debug.xcconfig */ = {isa = PBXFileReference; includeInIndex = 1; lastKnownFileType = text.xcconfig; name = "Pods-GitHubClient.debug.xcconfig"; path = "Pods/Target Support Files/Pods-GitHubClient/Pods-GitHubClient.debug.xcconfig"; sourceTree = "<group>"; };
/* End PBXFileReference section */

/* Begin PBXFrameworksBuildPhase section */
		40255AC51CD5011400BC0F7C /* Frameworks */ = {
			isa = PBXFrameworksBuildPhase;
			buildActionMask = 2147483647;
			files = (
				31B22259E37E7822F99FB3EE /* Pods_GitHubClient.framework in Frameworks */,
			);
			runOnlyForDeploymentPostprocessing = 0;
		};
		40255ADE1CD5011400BC0F7C /* Frameworks */ = {
			isa = PBXFrameworksBuildPhase;
			buildActionMask = 2147483647;
			files = (
			);
			runOnlyForDeploymentPostprocessing = 0;
		};
		40255AE91CD5011400BC0F7C /* Frameworks */ = {
			isa = PBXFrameworksBuildPhase;
			buildActionMask = 2147483647;
			files = (
			);
			runOnlyForDeploymentPostprocessing = 0;
		};
/* End PBXFrameworksBuildPhase section */

/* Begin PBXGroup section */
		3FCB3C5F21BC3018B04AC399 /* Pods */ = {
			isa = PBXGroup;
			children = (
				BFFB14B87C452ECFBF7EC8E8 /* Pods-GitHubClient.debug.xcconfig */,
				B3F90B7742DF2C2777E1377A /* Pods-GitHubClient.release.xcconfig */,
			);
			name = Pods;
			sourceTree = "<group>";
		};
		40255ABF1CD5011400BC0F7C = {
			isa = PBXGroup;
			children = (
				40255ACA1CD5011400BC0F7C /* GitHubClient */,
				40255AE41CD5011400BC0F7C /* GitHubClientTests */,
				40255AEF1CD5011400BC0F7C /* GitHubClientUITests */,
				40255AC91CD5011400BC0F7C /* Products */,
				3FCB3C5F21BC3018B04AC399 /* Pods */,
				56C9D0134DB0D88FF55EBEC5 /* Frameworks */,
			);
			sourceTree = "<group>";
		};
		40255AC91CD5011400BC0F7C /* Products */ = {
			isa = PBXGroup;
			children = (
				40255AC81CD5011400BC0F7C /* GitHubClient.app */,
				40255AE11CD5011400BC0F7C /* GitHubClientTests.xctest */,
				40255AEC1CD5011400BC0F7C /* GitHubClientUITests.xctest */,
			);
			name = Products;
			sourceTree = "<group>";
		};
		40255ACA1CD5011400BC0F7C /* GitHubClient */ = {
			isa = PBXGroup;
			children = (
				7CA294941CE184E000E47A47 /* GitHubApi */,
				7CA294931CE1848800E47A47 /* GitHubOAuthHelper */,
				7CA2948D1CE089B200E47A47 /* View */,
				7CA2948C1CE089AC00E47A47 /* Model */,
				7CA294831CE0677100E47A47 /* Etag */,
				7C9883F61CDCCA9900E050B6 /* KeyedArchiver */,
				7C9883F51CDCC9A200E050B6 /* Controller */,
				7C4EC4841CDB440900F4EB14 /* Category */,
				40255AFE1CD5045D00BC0F7C /* HttpClient */,
				40255ACE1CD5011400BC0F7C /* AppDelegate.h */,
				40255ACF1CD5011400BC0F7C /* AppDelegate.m */,
				40255AD41CD5011400BC0F7C /* Main.storyboard */,
				40255AD71CD5011400BC0F7C /* Assets.xcassets */,
				40255AD91CD5011400BC0F7C /* LaunchScreen.storyboard */,
				40255ADC1CD5011400BC0F7C /* Info.plist */,
				40255ACB1CD5011400BC0F7C /* Supporting Files */,
			);
			path = GitHubClient;
			sourceTree = "<group>";
		};
		40255ACB1CD5011400BC0F7C /* Supporting Files */ = {
			isa = PBXGroup;
			children = (
				40255ACC1CD5011400BC0F7C /* main.m */,
			);
			name = "Supporting Files";
			sourceTree = "<group>";
		};
		40255AE41CD5011400BC0F7C /* GitHubClientTests */ = {
			isa = PBXGroup;
			children = (
				40255AE51CD5011400BC0F7C /* GitHubClientTests.m */,
				40255AE71CD5011400BC0F7C /* Info.plist */,
			);
			path = GitHubClientTests;
			sourceTree = "<group>";
		};
		40255AEF1CD5011400BC0F7C /* GitHubClientUITests */ = {
			isa = PBXGroup;
			children = (
				40255AF01CD5011400BC0F7C /* GitHubClientUITests.m */,
				40255AF21CD5011400BC0F7C /* Info.plist */,
			);
			path = GitHubClientUITests;
			sourceTree = "<group>";
		};
		40255AFE1CD5045D00BC0F7C /* HttpClient */ = {
			isa = PBXGroup;
			children = (
				7C9B5F4F1CD8EE8E00916B7B /* QCNetworkManager.h */,
				7C9B5F501CD8EE8E00916B7B /* QCNetworkManager.m */,
				7C9B5F521CD8FA2600916B7B /* QCRequest.h */,
				7C9B5F531CD8FA2600916B7B /* QCRequest.m */,
				7C9B5F581CD994DF00916B7B /* QCNetworking.h */,
			);
			name = HttpClient;
			sourceTree = "<group>";
		};
		56C9D0134DB0D88FF55EBEC5 /* Frameworks */ = {
			isa = PBXGroup;
			children = (
				5324FCC9FB9398E7F258D85C /* Pods_GitHubClient.framework */,
			);
			name = Frameworks;
			sourceTree = "<group>";
		};
		7C4EC4841CDB440900F4EB14 /* Category */ = {
			isa = PBXGroup;
			children = (
				7CA2949E1CE1FEB400E47A47 /* UINavigationController+StatusBar.h */,
				7CA2949F1CE1FEB400E47A47 /* UINavigationController+StatusBar.m */,
				7C4EC4851CDB445900F4EB14 /* NSUserDefaults+Token.h */,
				7C4EC4861CDB445900F4EB14 /* NSUserDefaults+Token.m */,
				7C4EC4881CDB446A00F4EB14 /* NSUserDefaults+Etag.h */,
				7C4EC4891CDB446A00F4EB14 /* NSUserDefaults+Etag.m */,
				7C9EB13A1CDC843000638C8B /* NSString+MD5.h */,
				7C9EB13B1CDC843000638C8B /* NSString+MD5.m */,
			);
			name = Category;
			sourceTree = "<group>";
		};
		7C9883F51CDCC9A200E050B6 /* Controller */ = {
			isa = PBXGroup;
			children = (
				40255AD11CD5011400BC0F7C /* ViewController.h */,
				40255AD21CD5011400BC0F7C /* ViewController.m */,
				7C0D51731CD8AC130097141F /* UserViewController.h */,
				7C0D51741CD8AC130097141F /* UserViewController.m */,
				7C0D51751CD8AC130097141F /* UserViewController.xib */,
				7CA294871CE0837D00E47A47 /* RepositoriesViewController.h */,
				7CA294881CE0837D00E47A47 /* RepositoriesViewController.m */,
				7CA294891CE0837D00E47A47 /* RepositoriesViewController.xib */,
				7CC187861CE45A9A00CF4385 /* RepoDetailViewController.h */,
				7CC187871CE45A9A00CF4385 /* RepoDetailViewController.m */,
				7CC187881CE45A9A00CF4385 /* RepoDetailViewController.xib */,
			);
			name = Controller;
			sourceTree = "<group>";
		};
		7C9883F61CDCCA9900E050B6 /* KeyedArchiver */ = {
			isa = PBXGroup;
			children = (
				7C9883F71CDCCAB800E050B6 /* KeyedArchiverManager.h */,
				7C9883F81CDCCAB800E050B6 /* KeyedArchiverManager.m */,
			);
			name = KeyedArchiver;
			sourceTree = "<group>";
		};
		7CA294831CE0677100E47A47 /* Etag */ = {
			isa = PBXGroup;
			children = (
				7CA294841CE0678900E47A47 /* EtagManager.h */,
				7CA294851CE0678900E47A47 /* EtagManager.m */,
			);
			name = Etag;
			sourceTree = "<group>";
		};
		7CA2948C1CE089AC00E47A47 /* Model */ = {
			isa = PBXGroup;
			children = (
				7CA294981CE1C4C200E47A47 /* Owner.h */,
				7CA294991CE1C4C200E47A47 /* Owner.m */,
				7CA2949A1CE1C4C200E47A47 /* RepoModel.h */,
				7CA2949B1CE1C4C200E47A47 /* RepoModel.m */,
			);
			name = Model;
			sourceTree = "<group>";
		};
		7CA2948D1CE089B200E47A47 /* View */ = {
			isa = PBXGroup;
			children = (
				7CA2948E1CE08A8F00E47A47 /* RepoTableViewCell.h */,
				7CA2948F1CE08A8F00E47A47 /* RepoTableViewCell.m */,
				7CA294901CE08A8F00E47A47 /* RepoTableViewCell.xib */,
			);
			name = View;
			sourceTree = "<group>";
		};
		7CA294931CE1848800E47A47 /* GitHubOAuthHelper */ = {
			isa = PBXGroup;
			children = (
				7C9B5F551CD9129800916B7B /* GitHubOAuthHelper.h */,
				7C9B5F561CD9129800916B7B /* GitHubOAuthHelper.m */,
			);
			name = GitHubOAuthHelper;
			sourceTree = "<group>";
		};
		7CA294941CE184E000E47A47 /* GitHubApi */ = {
			isa = PBXGroup;
			children = (
				7CA294951CE185FC00E47A47 /* GitHubApiManager.h */,
				7CA294961CE185FC00E47A47 /* GitHubApiManager.m */,
			);
			name = GitHubApi;
			sourceTree = "<group>";
		};
/* End PBXGroup section */

/* Begin PBXNativeTarget section */
		40255AC71CD5011400BC0F7C /* GitHubClient */ = {
			isa = PBXNativeTarget;
			buildConfigurationList = 40255AF51CD5011400BC0F7C /* Build configuration list for PBXNativeTarget "GitHubClient" */;
			buildPhases = (
				954F957B95F9B6A09B09DA1A /* Check Pods Manifest.lock */,
				40255AC41CD5011400BC0F7C /* Sources */,
				40255AC51CD5011400BC0F7C /* Frameworks */,
				40255AC61CD5011400BC0F7C /* Resources */,
				501AAC78448205FE95388F5D /* Embed Pods Frameworks */,
				983FA1A376820EF87C30249B /* Copy Pods Resources */,
			);
			buildRules = (
			);
			dependencies = (
			);
			name = GitHubClient;
			productName = GitHubClient;
			productReference = 40255AC81CD5011400BC0F7C /* GitHubClient.app */;
			productType = "com.apple.product-type.application";
		};
		40255AE01CD5011400BC0F7C /* GitHubClientTests */ = {
			isa = PBXNativeTarget;
			buildConfigurationList = 40255AF81CD5011400BC0F7C /* Build configuration list for PBXNativeTarget "GitHubClientTests" */;
			buildPhases = (
				40255ADD1CD5011400BC0F7C /* Sources */,
				40255ADE1CD5011400BC0F7C /* Frameworks */,
				40255ADF1CD5011400BC0F7C /* Resources */,
			);
			buildRules = (
			);
			dependencies = (
				40255AE31CD5011400BC0F7C /* PBXTargetDependency */,
			);
			name = GitHubClientTests;
			productName = GitHubClientTests;
			productReference = 40255AE11CD5011400BC0F7C /* GitHubClientTests.xctest */;
			productType = "com.apple.product-type.bundle.unit-test";
		};
		40255AEB1CD5011400BC0F7C /* GitHubClientUITests */ = {
			isa = PBXNativeTarget;
			buildConfigurationList = 40255AFB1CD5011400BC0F7C /* Build configuration list for PBXNativeTarget "GitHubClientUITests" */;
			buildPhases = (
				40255AE81CD5011400BC0F7C /* Sources */,
				40255AE91CD5011400BC0F7C /* Frameworks */,
				40255AEA1CD5011400BC0F7C /* Resources */,
			);
			buildRules = (
			);
			dependencies = (
				40255AEE1CD5011400BC0F7C /* PBXTargetDependency */,
			);
			name = GitHubClientUITests;
			productName = GitHubClientUITests;
			productReference = 40255AEC1CD5011400BC0F7C /* GitHubClientUITests.xctest */;
			productType = "com.apple.product-type.bundle.ui-testing";
		};
/* End PBXNativeTarget section */

/* Begin PBXProject section */
		40255AC01CD5011400BC0F7C /* Project object */ = {
			isa = PBXProject;
			attributes = {
				LastUpgradeCheck = 0730;
				ORGANIZATIONNAME = "臧其龙";
				TargetAttributes = {
					40255AC71CD5011400BC0F7C = {
						CreatedOnToolsVersion = 7.3;
					};
					40255AE01CD5011400BC0F7C = {
						CreatedOnToolsVersion = 7.3;
						TestTargetID = 40255AC71CD5011400BC0F7C;
					};
					40255AEB1CD5011400BC0F7C = {
						CreatedOnToolsVersion = 7.3;
						TestTargetID = 40255AC71CD5011400BC0F7C;
					};
				};
			};
			buildConfigurationList = 40255AC31CD5011400BC0F7C /* Build configuration list for PBXProject "GitHubClient" */;
			compatibilityVersion = "Xcode 3.2";
			developmentRegion = English;
			hasScannedForEncodings = 0;
			knownRegions = (
				en,
				Base,
			);
			mainGroup = 40255ABF1CD5011400BC0F7C;
			productRefGroup = 40255AC91CD5011400BC0F7C /* Products */;
			projectDirPath = "";
			projectRoot = "";
			targets = (
				40255AC71CD5011400BC0F7C /* GitHubClient */,
				40255AE01CD5011400BC0F7C /* GitHubClientTests */,
				40255AEB1CD5011400BC0F7C /* GitHubClientUITests */,
			);
		};
/* End PBXProject section */

/* Begin PBXResourcesBuildPhase section */
		40255AC61CD5011400BC0F7C /* Resources */ = {
			isa = PBXResourcesBuildPhase;
			buildActionMask = 2147483647;
			files = (
				40255ADB1CD5011400BC0F7C /* LaunchScreen.storyboard in Resources */,
				7C0D51771CD8AC130097141F /* UserViewController.xib in Resources */,
				7CA2948B1CE0837D00E47A47 /* RepositoriesViewController.xib in Resources */,
				7CC1878A1CE45A9A00CF4385 /* RepoDetailViewController.xib in Resources */,
				40255AD81CD5011400BC0F7C /* Assets.xcassets in Resources */,
				40255AD61CD5011400BC0F7C /* Main.storyboard in Resources */,
				7CA294921CE08A8F00E47A47 /* RepoTableViewCell.xib in Resources */,
			);
			runOnlyForDeploymentPostprocessing = 0;
		};
		40255ADF1CD5011400BC0F7C /* Resources */ = {
			isa = PBXResourcesBuildPhase;
			buildActionMask = 2147483647;
			files = (
			);
			runOnlyForDeploymentPostprocessing = 0;
		};
		40255AEA1CD5011400BC0F7C /* Resources */ = {
			isa = PBXResourcesBuildPhase;
			buildActionMask = 2147483647;
			files = (
			);
			runOnlyForDeploymentPostprocessing = 0;
		};
/* End PBXResourcesBuildPhase section */

/* Begin PBXShellScriptBuildPhase section */
		501AAC78448205FE95388F5D /* Embed Pods Frameworks */ = {
			isa = PBXShellScriptBuildPhase;
			buildActionMask = 2147483647;
			files = (
			);
			inputPaths = (
			);
			name = "Embed Pods Frameworks";
			outputPaths = (
			);
			runOnlyForDeploymentPostprocessing = 0;
			shellPath = /bin/sh;
			shellScript = "\"${SRCROOT}/Pods/Target Support Files/Pods-GitHubClient/Pods-GitHubClient-frameworks.sh\"\n";
			showEnvVarsInLog = 0;
		};
		954F957B95F9B6A09B09DA1A /* Check Pods Manifest.lock */ = {
			isa = PBXShellScriptBuildPhase;
			buildActionMask = 2147483647;
			files = (
			);
			inputPaths = (
			);
			name = "Check Pods Manifest.lock";
			outputPaths = (
			);
			runOnlyForDeploymentPostprocessing = 0;
			shellPath = /bin/sh;
			shellScript = "diff \"${PODS_ROOT}/../Podfile.lock\" \"${PODS_ROOT}/Manifest.lock\" > /dev/null\nif [[ $? != 0 ]] ; then\n    cat << EOM\nerror: The sandbox is not in sync with the Podfile.lock. Run 'pod install' or update your CocoaPods installation.\nEOM\n    exit 1\nfi\n";
			showEnvVarsInLog = 0;
		};
		983FA1A376820EF87C30249B /* Copy Pods Resources */ = {
			isa = PBXShellScriptBuildPhase;
			buildActionMask = 2147483647;
			files = (
			);
			inputPaths = (
			);
			name = "Copy Pods Resources";
			outputPaths = (
			);
			runOnlyForDeploymentPostprocessing = 0;
			shellPath = /bin/sh;
			shellScript = "\"${SRCROOT}/Pods/Target Support Files/Pods-GitHubClient/Pods-GitHubClient-resources.sh\"\n";
			showEnvVarsInLog = 0;
		};
/* End PBXShellScriptBuildPhase section */

/* Begin PBXSourcesBuildPhase section */
		40255AC41CD5011400BC0F7C /* Sources */ = {
			isa = PBXSourcesBuildPhase;
			buildActionMask = 2147483647;
			files = (
				7C9B5F511CD8EE8E00916B7B /* QCNetworkManager.m in Sources */,
				7C4EC48A1CDB446A00F4EB14 /* NSUserDefaults+Etag.m in Sources */,
				7CA2949D1CE1C4C200E47A47 /* RepoModel.m in Sources */,
				7C9EB13C1CDC843000638C8B /* NSString+MD5.m in Sources */,
				7C9B5F541CD8FA2600916B7B /* QCRequest.m in Sources */,
				7CA294861CE0678900E47A47 /* EtagManager.m in Sources */,
				40255AD31CD5011400BC0F7C /* ViewController.m in Sources */,
				7C9B5F571CD9129800916B7B /* GitHubOAuthHelper.m in Sources */,
				7C0D51761CD8AC130097141F /* UserViewController.m in Sources */,
				7C4EC4871CDB445900F4EB14 /* NSUserDefaults+Token.m in Sources */,
				40255AD01CD5011400BC0F7C /* AppDelegate.m in Sources */,
				7C9883F91CDCCAB800E050B6 /* KeyedArchiverManager.m in Sources */,
				7CA294911CE08A8F00E47A47 /* RepoTableViewCell.m in Sources */,
				7CA294971CE185FC00E47A47 /* GitHubApiManager.m in Sources */,
				7CC187891CE45A9A00CF4385 /* RepoDetailViewController.m in Sources */,
				7CA2949C1CE1C4C200E47A47 /* Owner.m in Sources */,
				7CA294A01CE1FEB400E47A47 /* UINavigationController+StatusBar.m in Sources */,
				7CA2948A1CE0837D00E47A47 /* RepositoriesViewController.m in Sources */,
				40255ACD1CD5011400BC0F7C /* main.m in Sources */,
			);
			runOnlyForDeploymentPostprocessing = 0;
		};
		40255ADD1CD5011400BC0F7C /* Sources */ = {
			isa = PBXSourcesBuildPhase;
			buildActionMask = 2147483647;
			files = (
				40255AE61CD5011400BC0F7C /* GitHubClientTests.m in Sources */,
			);
			runOnlyForDeploymentPostprocessing = 0;
		};
		40255AE81CD5011400BC0F7C /* Sources */ = {
			isa = PBXSourcesBuildPhase;
			buildActionMask = 2147483647;
			files = (
				40255AF11CD5011400BC0F7C /* GitHubClientUITests.m in Sources */,
			);
			runOnlyForDeploymentPostprocessing = 0;
		};
/* End PBXSourcesBuildPhase section */

/* Begin PBXTargetDependency section */
		40255AE31CD5011400BC0F7C /* PBXTargetDependency */ = {
			isa = PBXTargetDependency;
			target = 40255AC71CD5011400BC0F7C /* GitHubClient */;
			targetProxy = 40255AE21CD5011400BC0F7C /* PBXContainerItemProxy */;
		};
		40255AEE1CD5011400BC0F7C /* PBXTargetDependency */ = {
			isa = PBXTargetDependency;
			target = 40255AC71CD5011400BC0F7C /* GitHubClient */;
			targetProxy = 40255AED1CD5011400BC0F7C /* PBXContainerItemProxy */;
		};
/* End PBXTargetDependency section */

/* Begin PBXVariantGroup section */
		40255AD41CD5011400BC0F7C /* Main.storyboard */ = {
			isa = PBXVariantGroup;
			children = (
				40255AD51CD5011400BC0F7C /* Base */,
			);
			name = Main.storyboard;
			sourceTree = "<group>";
		};
		40255AD91CD5011400BC0F7C /* LaunchScreen.storyboard */ = {
			isa = PBXVariantGroup;
			children = (
				40255ADA1CD5011400BC0F7C /* Base */,
			);
			name = LaunchScreen.storyboard;
			sourceTree = "<group>";
		};
/* End PBXVariantGroup section */

/* Begin XCBuildConfiguration section */
		40255AF31CD5011400BC0F7C /* Debug */ = {
			isa = XCBuildConfiguration;
			buildSettings = {
				ALWAYS_SEARCH_USER_PATHS = NO;
				CLANG_ANALYZER_NONNULL = YES;
				CLANG_CXX_LANGUAGE_STANDARD = "gnu++0x";
				CLANG_CXX_LIBRARY = "libc++";
				CLANG_ENABLE_MODULES = YES;
				CLANG_ENABLE_OBJC_ARC = YES;
				CLANG_WARN_BOOL_CONVERSION = YES;
				CLANG_WARN_CONSTANT_CONVERSION = YES;
				CLANG_WARN_DIRECT_OBJC_ISA_USAGE = YES_ERROR;
				CLANG_WARN_EMPTY_BODY = YES;
				CLANG_WARN_ENUM_CONVERSION = YES;
				CLANG_WARN_INT_CONVERSION = YES;
				CLANG_WARN_OBJC_ROOT_CLASS = YES_ERROR;
				CLANG_WARN_UNREACHABLE_CODE = YES;
				CLANG_WARN__DUPLICATE_METHOD_MATCH = YES;
				"CODE_SIGN_IDENTITY[sdk=iphoneos*]" = "iPhone Developer";
				COPY_PHASE_STRIP = NO;
				DEBUG_INFORMATION_FORMAT = dwarf;
				ENABLE_STRICT_OBJC_MSGSEND = YES;
				ENABLE_TESTABILITY = YES;
				GCC_C_LANGUAGE_STANDARD = gnu99;
				GCC_DYNAMIC_NO_PIC = NO;
				GCC_NO_COMMON_BLOCKS = YES;
				GCC_OPTIMIZATION_LEVEL = 0;
				GCC_PREPROCESSOR_DEFINITIONS = (
					"DEBUG=1",
					"$(inherited)",
				);
				GCC_WARN_64_TO_32_BIT_CONVERSION = YES;
				GCC_WARN_ABOUT_RETURN_TYPE = YES_ERROR;
				GCC_WARN_UNDECLARED_SELECTOR = YES;
				GCC_WARN_UNINITIALIZED_AUTOS = YES_AGGRESSIVE;
				GCC_WARN_UNUSED_FUNCTION = YES;
				GCC_WARN_UNUSED_VARIABLE = YES;
				IPHONEOS_DEPLOYMENT_TARGET = 9.3;
				MTL_ENABLE_DEBUG_INFO = YES;
				ONLY_ACTIVE_ARCH = YES;
				SDKROOT = iphoneos;
				TARGETED_DEVICE_FAMILY = "1,2";
			};
			name = Debug;
		};
		40255AF41CD5011400BC0F7C /* Release */ = {
			isa = XCBuildConfiguration;
			buildSettings = {
				ALWAYS_SEARCH_USER_PATHS = NO;
				CLANG_ANALYZER_NONNULL = YES;
				CLANG_CXX_LANGUAGE_STANDARD = "gnu++0x";
				CLANG_CXX_LIBRARY = "libc++";
				CLANG_ENABLE_MODULES = YES;
				CLANG_ENABLE_OBJC_ARC = YES;
				CLANG_WARN_BOOL_CONVERSION = YES;
				CLANG_WARN_CONSTANT_CONVERSION = YES;
				CLANG_WARN_DIRECT_OBJC_ISA_USAGE = YES_ERROR;
				CLANG_WARN_EMPTY_BODY = YES;
				CLANG_WARN_ENUM_CONVERSION = YES;
				CLANG_WARN_INT_CONVERSION = YES;
				CLANG_WARN_OBJC_ROOT_CLASS = YES_ERROR;
				CLANG_WARN_UNREACHABLE_CODE = YES;
				CLANG_WARN__DUPLICATE_METHOD_MATCH = YES;
				"CODE_SIGN_IDENTITY[sdk=iphoneos*]" = "iPhone Developer";
				COPY_PHASE_STRIP = NO;
				DEBUG_INFORMATION_FORMAT = "dwarf-with-dsym";
				ENABLE_NS_ASSERTIONS = NO;
				ENABLE_STRICT_OBJC_MSGSEND = YES;
				GCC_C_LANGUAGE_STANDARD = gnu99;
				GCC_NO_COMMON_BLOCKS = YES;
				GCC_WARN_64_TO_32_BIT_CONVERSION = YES;
				GCC_WARN_ABOUT_RETURN_TYPE = YES_ERROR;
				GCC_WARN_UNDECLARED_SELECTOR = YES;
				GCC_WARN_UNINITIALIZED_AUTOS = YES_AGGRESSIVE;
				GCC_WARN_UNUSED_FUNCTION = YES;
				GCC_WARN_UNUSED_VARIABLE = YES;
				IPHONEOS_DEPLOYMENT_TARGET = 9.3;
				MTL_ENABLE_DEBUG_INFO = NO;
				SDKROOT = iphoneos;
				TARGETED_DEVICE_FAMILY = "1,2";
				VALIDATE_PRODUCT = YES;
			};
			name = Release;
		};
		40255AF61CD5011400BC0F7C /* Debug */ = {
			isa = XCBuildConfiguration;
			baseConfigurationReference = BFFB14B87C452ECFBF7EC8E8 /* Pods-GitHubClient.debug.xcconfig */;
			buildSettings = {
				ASSETCATALOG_COMPILER_APPICON_NAME = AppIcon;
				INFOPLIST_FILE = GitHubClient/Info.plist;
				IPHONEOS_DEPLOYMENT_TARGET = 9.2;
				LD_RUNPATH_SEARCH_PATHS = "$(inherited) @executable_path/Frameworks";
				PRODUCT_BUNDLE_IDENTIFIER = com.zangqilong.GitHubClient;
				PRODUCT_NAME = "$(TARGET_NAME)";
			};
			name = Debug;
		};
		40255AF71CD5011400BC0F7C /* Release */ = {
			isa = XCBuildConfiguration;
			baseConfigurationReference = B3F90B7742DF2C2777E1377A /* Pods-GitHubClient.release.xcconfig */;
			buildSettings = {
				ASSETCATALOG_COMPILER_APPICON_NAME = AppIcon;
				INFOPLIST_FILE = GitHubClient/Info.plist;
				IPHONEOS_DEPLOYMENT_TARGET = 9.2;
				LD_RUNPATH_SEARCH_PATHS = "$(inherited) @executable_path/Frameworks";
				PRODUCT_BUNDLE_IDENTIFIER = com.zangqilong.GitHubClient;
				PRODUCT_NAME = "$(TARGET_NAME)";
			};
			name = Release;
		};
		40255AF91CD5011400BC0F7C /* Debug */ = {
			isa = XCBuildConfiguration;
			buildSettings = {
				BUNDLE_LOADER = "$(TEST_HOST)";
				INFOPLIST_FILE = GitHubClientTests/Info.plist;
				LD_RUNPATH_SEARCH_PATHS = "$(inherited) @executable_path/Frameworks @loader_path/Frameworks";
				PRODUCT_BUNDLE_IDENTIFIER = com.zangqilong.GitHubClientTests;
				PRODUCT_NAME = "$(TARGET_NAME)";
				TEST_HOST = "$(BUILT_PRODUCTS_DIR)/GitHubClient.app/GitHubClient";
			};
			name = Debug;
		};
		40255AFA1CD5011400BC0F7C /* Release */ = {
			isa = XCBuildConfiguration;
			buildSettings = {
				BUNDLE_LOADER = "$(TEST_HOST)";
				INFOPLIST_FILE = GitHubClientTests/Info.plist;
				LD_RUNPATH_SEARCH_PATHS = "$(inherited) @executable_path/Frameworks @loader_path/Frameworks";
				PRODUCT_BUNDLE_IDENTIFIER = com.zangqilong.GitHubClientTests;
				PRODUCT_NAME = "$(TARGET_NAME)";
				TEST_HOST = "$(BUILT_PRODUCTS_DIR)/GitHubClient.app/GitHubClient";
			};
			name = Release;
		};
		40255AFC1CD5011400BC0F7C /* Debug */ = {
			isa = XCBuildConfiguration;
			buildSettings = {
				INFOPLIST_FILE = GitHubClientUITests/Info.plist;
				LD_RUNPATH_SEARCH_PATHS = "$(inherited) @executable_path/Frameworks @loader_path/Frameworks";
				PRODUCT_BUNDLE_IDENTIFIER = com.zangqilong.GitHubClientUITests;
				PRODUCT_NAME = "$(TARGET_NAME)";
				TEST_TARGET_NAME = GitHubClient;
			};
			name = Debug;
		};
		40255AFD1CD5011400BC0F7C /* Release */ = {
			isa = XCBuildConfiguration;
			buildSettings = {
				INFOPLIST_FILE = GitHubClientUITests/Info.plist;
				LD_RUNPATH_SEARCH_PATHS = "$(inherited) @executable_path/Frameworks @loader_path/Frameworks";
				PRODUCT_BUNDLE_IDENTIFIER = com.zangqilong.GitHubClientUITests;
				PRODUCT_NAME = "$(TARGET_NAME)";
				TEST_TARGET_NAME = GitHubClient;
			};
			name = Release;
		};
/* End XCBuildConfiguration section */

/* Begin XCConfigurationList section */
		40255AC31CD5011400BC0F7C /* Build configuration list for PBXProject "GitHubClient" */ = {
			isa = XCConfigurationList;
			buildConfigurations = (
				40255AF31CD5011400BC0F7C /* Debug */,
				40255AF41CD5011400BC0F7C /* Release */,
			);
			defaultConfigurationIsVisible = 0;
			defaultConfigurationName = Release;
		};
		40255AF51CD5011400BC0F7C /* Build configuration list for PBXNativeTarget "GitHubClient" */ = {
			isa = XCConfigurationList;
			buildConfigurations = (
				40255AF61CD5011400BC0F7C /* Debug */,
				40255AF71CD5011400BC0F7C /* Release */,
			);
			defaultConfigurationIsVisible = 0;
			defaultConfigurationName = Release;
		};
		40255AF81CD5011400BC0F7C /* Build configuration list for PBXNativeTarget "GitHubClientTests" */ = {
			isa = XCConfigurationList;
			buildConfigurations = (
				40255AF91CD5011400BC0F7C /* Debug */,
				40255AFA1CD5011400BC0F7C /* Release */,
			);
			defaultConfigurationIsVisible = 0;
			defaultConfigurationName = Release;
		};
		40255AFB1CD5011400BC0F7C /* Build configuration list for PBXNativeTarget "GitHubClientUITests" */ = {
			isa = XCConfigurationList;
			buildConfigurations = (
				40255AFC1CD5011400BC0F7C /* Debug */,
				40255AFD1CD5011400BC0F7C /* Release */,
			);
			defaultConfigurationIsVisible = 0;
			defaultConfigurationName = Release;
		};
/* End XCConfigurationList section */
	};
	rootObject = 40255AC01CD5011400BC0F7C /* Project object */;
}
